
Microsoft Visual Studio Solution File, Format Version 12.00
# Visual Studio Version 18
VisualStudioVersion = 18.1.11312.151 d18.0
MinimumVisualStudioVersion = 10.0.40219.1
Project("{FAE04EC0-301F-11D3-BF4B-00C04F79EFBC}") = "Alisson'sCompany", "Alisson'sCompany.csproj", "{439F7489-B364-5BD4-8477-38DCB45CD2F9}"
EndProject
Global
	GlobalSection(SolutionConfigurationPlatforms) = preSolution
		Debug|Any CPU = Debug|Any CPU
		Release|Any CPU = Release|Any CPU
	EndGlobalSection
	GlobalSection(ProjectConfigurationPlatforms) = postSolution
		{439F7489-B364-5BD4-8477-38DCB45CD2F9}.Debug|Any CPU.ActiveCfg = Debug|Any CPU
		{439F7489-B364-5BD4-8477-38DCB45CD2F9}.Debug|Any CPU.Build.0 = Debug|Any CPU
		{439F7489-B364-5BD4-8477-38DCB45CD2F9}.Release|Any CPU.ActiveCfg = Release|Any CPU
		{439F7489-B364-5BD4-8477-38DCB45CD2F9}.Release|Any CPU.Build.0 = Release|Any CPU
	EndGlobalSection
	GlobalSection(SolutionProperties) = preSolution
		HideSolutionNode = FALSE
	EndGlobalSection
	GlobalSection(ExtensibilityGlobals) = postSolution
		SolutionGuid = {B932EC87-458E-4C96-96D1-EC0775547034}
	EndGlobalSection
EndGlobal
